
Microsoft Visual Studio Solution File, Format Version 12.00
# Visual Studio Version 16
VisualStudioVersion = 16.0.30804.86
MinimumVisualStudioVersion = 10.0.40219.1
Project("{FAE04EC0-301F-11D3-BF4B-00C04F79EFBC}") = "HomeWork2", "HomeWork2\HomeWork2.csproj", "{8F1E353F-5EB6-47E7-9160-D4C61B0547B9}"
EndProject
Global
	GlobalSection(SolutionConfigurationPlatforms) = preSolution
		Debug|Any CPU = Debug|Any CPU
		Release|Any CPU = Release|Any CPU
	EndGlobalSection
	GlobalSection(ProjectConfigurationPlatforms) = postSolution
		{8F1E353F-5EB6-47E7-9160-D4C61B0547B9}.Debug|Any CPU.ActiveCfg = Debug|Any CPU
		{8F1E353F-5EB6-47E7-9160-D4C61B0547B9}.Debug|Any CPU.Build.0 = Debug|Any CPU
		{8F1E353F-5EB6-47E7-9160-D4C61B0547B9}.Release|Any CPU.ActiveCfg = Release|Any CPU
		{8F1E353F-5EB6-47E7-9160-D4C61B0547B9}.Release|Any CPU.Build.0 = Release|Any CPU
	EndGlobalSection
	GlobalSection(SolutionProperties) = preSolution
		HideSolutionNode = FALSE
	EndGlobalSection
	GlobalSection(ExtensibilityGlobals) = postSolution
		SolutionGuid = {30B2358A-1A92-4506-BD24-3166A5206CC7}
	EndGlobalSection
EndGlobal
